// !$*UTF8*$!
{
	archiveVersion = 1;
	classes = {
	};
	objectVersion = 55;
	objects = {

/* Begin PBXBuildFile section */
		5612AFEF27F3026E00219CF6 /* AppDelegate.swift in Sources */ = {isa = PBXBuildFile; fileRef = 5612AFEE27F3026E00219CF6 /* AppDelegate.swift */; };
		5612AFF127F3026E00219CF6 /* SceneDelegate.swift in Sources */ = {isa = PBXBuildFile; fileRef = 5612AFF027F3026E00219CF6 /* SceneDelegate.swift */; };
		5612AFF327F3026E00219CF6 /* ViewController.swift in Sources */ = {isa = PBXBuildFile; fileRef = 5612AFF227F3026E00219CF6 /* ViewController.swift */; };
		5612AFF627F3026E00219CF6 /* Main.storyboard in Resources */ = {isa = PBXBuildFile; fileRef = 5612AFF427F3026E00219CF6 /* Main.storyboard */; };
		5612AFF827F3026E00219CF6 /* Assets.xcassets in Resources */ = {isa = PBXBuildFile; fileRef = 5612AFF727F3026E00219CF6 /* Assets.xcassets */; };
		5612AFFB27F3026E00219CF6 /* LaunchScreen.storyboard in Resources */ = {isa = PBXBuildFile; fileRef = 5612AFF927F3026E00219CF6 /* LaunchScreen.storyboard */; };
		5612B00927F3036400219CF6 /* NunitoSans-Light.ttf in Resources */ = {isa = PBXBuildFile; fileRef = 5612B00327F3036400219CF6 /* NunitoSans-Light.ttf */; };
		5612B00A27F3036400219CF6 /* NunitoSans-Regular.ttf in Resources */ = {isa = PBXBuildFile; fileRef = 5612B00427F3036400219CF6 /* NunitoSans-Regular.ttf */; };
		5612B00B27F3036400219CF6 /* NunitoSans-Black.ttf in Resources */ = {isa = PBXBuildFile; fileRef = 5612B00527F3036400219CF6 /* NunitoSans-Black.ttf */; };
		5612B00C27F3036400219CF6 /* NunitoSans-SemiBold.ttf in Resources */ = {isa = PBXBuildFile; fileRef = 5612B00627F3036400219CF6 /* NunitoSans-SemiBold.ttf */; };
		5612B00D27F3036400219CF6 /* NunitoSans-Bold.ttf in Resources */ = {isa = PBXBuildFile; fileRef = 5612B00727F3036400219CF6 /* NunitoSans-Bold.ttf */; };
		5612B00E27F3036400219CF6 /* NunitoSans-Italic.ttf in Resources */ = {isa = PBXBuildFile; fileRef = 5612B00827F3036400219CF6 /* NunitoSans-Italic.ttf */; };
		565AD02A27F483BB00BF2BC3 /* RegisterViewController.swift in Sources */ = {isa = PBXBuildFile; fileRef = 565AD02927F483BB00BF2BC3 /* RegisterViewController.swift */; };
		565AD02C27F483D300BF2BC3 /* RegisterViewController.xib in Resources */ = {isa = PBXBuildFile; fileRef = 565AD02B27F483D300BF2BC3 /* RegisterViewController.xib */; };
		56743D4C27F35F1C00ECBC1B /* ResetPasswordViewController.swift in Sources */ = {isa = PBXBuildFile; fileRef = 56743D4B27F35F1C00ECBC1B /* ResetPasswordViewController.swift */; };
		568A240C27F4430F007EB3AB /* LoginViewController.swift in Sources */ = {isa = PBXBuildFile; fileRef = 568A240A27F4430F007EB3AB /* LoginViewController.swift */; };
		568A240D27F4430F007EB3AB /* LoginViewController.xib in Resources */ = {isa = PBXBuildFile; fileRef = 568A240B27F4430F007EB3AB /* LoginViewController.xib */; };
		56D05FE827F555D900BCA707 /* LoginView.swift in Sources */ = {isa = PBXBuildFile; fileRef = 56D05FE727F555D900BCA707 /* LoginView.swift */; };
		56D05FEB27F55BA600BCA707 /* LoginPresenter.swift in Sources */ = {isa = PBXBuildFile; fileRef = 56D05FEA27F55BA600BCA707 /* LoginPresenter.swift */; };
		56D05FED27F55C2300BCA707 /* LoginPresenterImpl.swift in Sources */ = {isa = PBXBuildFile; fileRef = 56D05FEC27F55C2300BCA707 /* LoginPresenterImpl.swift */; };
		56D05FEF27F55CDB00BCA707 /* LoginInteractor.swift in Sources */ = {isa = PBXBuildFile; fileRef = 56D05FEE27F55CDB00BCA707 /* LoginInteractor.swift */; };
		56D05FF127F55D5600BCA707 /* LoginInteractorOutput.swift in Sources */ = {isa = PBXBuildFile; fileRef = 56D05FF027F55D5600BCA707 /* LoginInteractorOutput.swift */; };
/* End PBXBuildFile section */

/* Begin PBXFileReference section */
		5612AFEB27F3026E00219CF6 /* ZWallet.app */ = {isa = PBXFileReference; explicitFileType = wrapper.application; includeInIndex = 0; path = ZWallet.app; sourceTree = BUILT_PRODUCTS_DIR; };
		5612AFEE27F3026E00219CF6 /* AppDelegate.swift */ = {isa = PBXFileReference; lastKnownFileType = sourcecode.swift; path = AppDelegate.swift; sourceTree = "<group>"; };
		5612AFF027F3026E00219CF6 /* SceneDelegate.swift */ = {isa = PBXFileReference; lastKnownFileType = sourcecode.swift; path = SceneDelegate.swift; sourceTree = "<group>"; };
		5612AFF227F3026E00219CF6 /* ViewController.swift */ = {isa = PBXFileReference; lastKnownFileType = sourcecode.swift; path = ViewController.swift; sourceTree = "<group>"; };
		5612AFF527F3026E00219CF6 /* Base */ = {isa = PBXFileReference; lastKnownFileType = file.storyboard; name = Base; path = Base.lproj/Main.storyboard; sourceTree = "<group>"; };
		5612AFF727F3026E00219CF6 /* Assets.xcassets */ = {isa = PBXFileReference; lastKnownFileType = folder.assetcatalog; path = Assets.xcassets; sourceTree = "<group>"; };
		5612AFFA27F3026E00219CF6 /* Base */ = {isa = PBXFileReference; lastKnownFileType = file.storyboard; name = Base; path = Base.lproj/LaunchScreen.storyboard; sourceTree = "<group>"; };
		5612AFFC27F3026E00219CF6 /* Info.plist */ = {isa = PBXFileReference; lastKnownFileType = text.plist.xml; path = Info.plist; sourceTree = "<group>"; };
		5612B00327F3036400219CF6 /* NunitoSans-Light.ttf */ = {isa = PBXFileReference; lastKnownFileType = file; path = "NunitoSans-Light.ttf"; sourceTree = "<group>"; };
		5612B00427F3036400219CF6 /* NunitoSans-Regular.ttf */ = {isa = PBXFileReference; lastKnownFileType = file; path = "NunitoSans-Regular.ttf"; sourceTree = "<group>"; };
		5612B00527F3036400219CF6 /* NunitoSans-Black.ttf */ = {isa = PBXFileReference; lastKnownFileType = file; path = "NunitoSans-Black.ttf"; sourceTree = "<group>"; };
		5612B00627F3036400219CF6 /* NunitoSans-SemiBold.ttf */ = {isa = PBXFileReference; lastKnownFileType = file; path = "NunitoSans-SemiBold.ttf"; sourceTree = "<group>"; };
		5612B00727F3036400219CF6 /* NunitoSans-Bold.ttf */ = {isa = PBXFileReference; lastKnownFileType = file; path = "NunitoSans-Bold.ttf"; sourceTree = "<group>"; };
		5612B00827F3036400219CF6 /* NunitoSans-Italic.ttf */ = {isa = PBXFileReference; lastKnownFileType = file; path = "NunitoSans-Italic.ttf"; sourceTree = "<group>"; };
		565AD02927F483BB00BF2BC3 /* RegisterViewController.swift */ = {isa = PBXFileReference; lastKnownFileType = sourcecode.swift; path = RegisterViewController.swift; sourceTree = "<group>"; };
		565AD02B27F483D300BF2BC3 /* RegisterViewController.xib */ = {isa = PBXFileReference; lastKnownFileType = file.xib; path = RegisterViewController.xib; sourceTree = "<group>"; };
		56743D4B27F35F1C00ECBC1B /* ResetPasswordViewController.swift */ = {isa = PBXFileReference; lastKnownFileType = sourcecode.swift; path = ResetPasswordViewController.swift; sourceTree = "<group>"; };
		568A240A27F4430F007EB3AB /* LoginViewController.swift */ = {isa = PBXFileReference; lastKnownFileType = sourcecode.swift; path = LoginViewController.swift; sourceTree = "<group>"; };
		568A240B27F4430F007EB3AB /* LoginViewController.xib */ = {isa = PBXFileReference; lastKnownFileType = file.xib; path = LoginViewController.xib; sourceTree = "<group>"; };
		56D05FE727F555D900BCA707 /* LoginView.swift */ = {isa = PBXFileReference; lastKnownFileType = sourcecode.swift; path = LoginView.swift; sourceTree = "<group>"; };
		56D05FEA27F55BA600BCA707 /* LoginPresenter.swift */ = {isa = PBXFileReference; lastKnownFileType = sourcecode.swift; path = LoginPresenter.swift; sourceTree = "<group>"; };
		56D05FEC27F55C2300BCA707 /* LoginPresenterImpl.swift */ = {isa = PBXFileReference; lastKnownFileType = sourcecode.swift; path = LoginPresenterImpl.swift; sourceTree = "<group>"; };
		56D05FEE27F55CDB00BCA707 /* LoginInteractor.swift */ = {isa = PBXFileReference; lastKnownFileType = sourcecode.swift; path = LoginInteractor.swift; sourceTree = "<group>"; };
		56D05FF027F55D5600BCA707 /* LoginInteractorOutput.swift */ = {isa = PBXFileReference; lastKnownFileType = sourcecode.swift; path = LoginInteractorOutput.swift; sourceTree = "<group>"; };
/* End PBXFileReference section */

/* Begin PBXFrameworksBuildPhase section */
		5612AFE827F3026E00219CF6 /* Frameworks */ = {
			isa = PBXFrameworksBuildPhase;
			buildActionMask = 2147483647;
			files = (
			);
			runOnlyForDeploymentPostprocessing = 0;
		};
/* End PBXFrameworksBuildPhase section */

/* Begin PBXGroup section */
		5612AFE227F3026E00219CF6 = {
			isa = PBXGroup;
			children = (
				5612AFED27F3026E00219CF6 /* ZWallet */,
				5612AFEC27F3026E00219CF6 /* Products */,
			);
			sourceTree = "<group>";
		};
		5612AFEC27F3026E00219CF6 /* Products */ = {
			isa = PBXGroup;
			children = (
				5612AFEB27F3026E00219CF6 /* ZWallet.app */,
			);
			name = Products;
			sourceTree = "<group>";
		};
		5612AFED27F3026E00219CF6 /* ZWallet */ = {
			isa = PBXGroup;
			children = (
				568A23FE27F430A8007EB3AB /* Module */,
				5612B00227F302E700219CF6 /* Font */,
				5612AFEE27F3026E00219CF6 /* AppDelegate.swift */,
				5612AFF027F3026E00219CF6 /* SceneDelegate.swift */,
				5612AFF227F3026E00219CF6 /* ViewController.swift */,
				5612AFF427F3026E00219CF6 /* Main.storyboard */,
				5612AFF727F3026E00219CF6 /* Assets.xcassets */,
				5612AFF927F3026E00219CF6 /* LaunchScreen.storyboard */,
				5612AFFC27F3026E00219CF6 /* Info.plist */,
				56743D4B27F35F1C00ECBC1B /* ResetPasswordViewController.swift */,
			);
			path = ZWallet;
			sourceTree = "<group>";
		};
		5612B00227F302E700219CF6 /* Font */ = {
			isa = PBXGroup;
			children = (
				5612B00527F3036400219CF6 /* NunitoSans-Black.ttf */,
				5612B00727F3036400219CF6 /* NunitoSans-Bold.ttf */,
				5612B00827F3036400219CF6 /* NunitoSans-Italic.ttf */,
				5612B00327F3036400219CF6 /* NunitoSans-Light.ttf */,
				5612B00427F3036400219CF6 /* NunitoSans-Regular.ttf */,
				5612B00627F3036400219CF6 /* NunitoSans-SemiBold.ttf */,
			);
			path = Font;
			sourceTree = "<group>";
		};
		565AD02827F483A600BF2BC3 /* View */ = {
			isa = PBXGroup;
			children = (
				565AD02927F483BB00BF2BC3 /* RegisterViewController.swift */,
				565AD02B27F483D300BF2BC3 /* RegisterViewController.xib */,
			);
			path = View;
			sourceTree = "<group>";
		};
		568A23FE27F430A8007EB3AB /* Module */ = {
			isa = PBXGroup;
			children = (
				568A240127F430F0007EB3AB /* RegisterModule */,
				568A23FF27F430B3007EB3AB /* LoginModule */,
			);
			path = Module;
			sourceTree = "<group>";
		};
		568A23FF27F430B3007EB3AB /* LoginModule */ = {
			isa = PBXGroup;
			children = (
				568A240527F4315C007EB3AB /* View */,
				568A240427F43156007EB3AB /* Router */,
				568A240327F4314D007EB3AB /* Presenter */,
				568A240227F43143007EB3AB /* Interactor */,
			);
			path = LoginModule;
			sourceTree = "<group>";
		};
		568A240127F430F0007EB3AB /* RegisterModule */ = {
			isa = PBXGroup;
			children = (
				565AD02827F483A600BF2BC3 /* View */,
			);
			path = RegisterModule;
			sourceTree = "<group>";
		};
		568A240227F43143007EB3AB /* Interactor */ = {
			isa = PBXGroup;
			children = (
				56D05FEE27F55CDB00BCA707 /* LoginInteractor.swift */,
				56D05FF027F55D5600BCA707 /* LoginInteractorOutput.swift */,
			);
			path = Interactor;
			sourceTree = "<group>";
		};
		568A240327F4314D007EB3AB /* Presenter */ = {
			isa = PBXGroup;
			children = (
				56D05FEA27F55BA600BCA707 /* LoginPresenter.swift */,
				56D05FEC27F55C2300BCA707 /* LoginPresenterImpl.swift */,
			);
			path = Presenter;
			sourceTree = "<group>";
		};
		568A240427F43156007EB3AB /* Router */ = {
			isa = PBXGroup;
			children = (
			);
			path = Router;
			sourceTree = "<group>";
		};
		568A240527F4315C007EB3AB /* View */ = {
			isa = PBXGroup;
			children = (
				568A240A27F4430F007EB3AB /* LoginViewController.swift */,
				568A240B27F4430F007EB3AB /* LoginViewController.xib */,
				56D05FE727F555D900BCA707 /* LoginView.swift */,
			);
			path = View;
			sourceTree = "<group>";
		};
/* End PBXGroup section */

/* Begin PBXNativeTarget section */
		5612AFEA27F3026E00219CF6 /* ZWallet */ = {
			isa = PBXNativeTarget;
			buildConfigurationList = 5612AFFF27F3026E00219CF6 /* Build configuration list for PBXNativeTarget "ZWallet" */;
			buildPhases = (
				5612AFE727F3026E00219CF6 /* Sources */,
				5612AFE827F3026E00219CF6 /* Frameworks */,
				5612AFE927F3026E00219CF6 /* Resources */,
			);
			buildRules = (
			);
			dependencies = (
			);
			name = ZWallet;
			productName = ZWallet;
			productReference = 5612AFEB27F3026E00219CF6 /* ZWallet.app */;
			productType = "com.apple.product-type.application";
		};
/* End PBXNativeTarget section */

/* Begin PBXProject section */
		5612AFE327F3026E00219CF6 /* Project object */ = {
			isa = PBXProject;
			attributes = {
				BuildIndependentTargetsInParallel = 1;
				LastSwiftUpdateCheck = 1330;
				LastUpgradeCheck = 1330;
				TargetAttributes = {
					5612AFEA27F3026E00219CF6 = {
						CreatedOnToolsVersion = 13.3;
					};
				};
			};
			buildConfigurationList = 5612AFE627F3026E00219CF6 /* Build configuration list for PBXProject "ZWallet" */;
			compatibilityVersion = "Xcode 13.0";
			developmentRegion = en;
			hasScannedForEncodings = 0;
			knownRegions = (
				en,
				Base,
			);
			mainGroup = 5612AFE227F3026E00219CF6;
			productRefGroup = 5612AFEC27F3026E00219CF6 /* Products */;
			projectDirPath = "";
			projectRoot = "";
			targets = (
				5612AFEA27F3026E00219CF6 /* ZWallet */,
			);
		};
/* End PBXProject section */

/* Begin PBXResourcesBuildPhase section */
		5612AFE927F3026E00219CF6 /* Resources */ = {
			isa = PBXResourcesBuildPhase;
			buildActionMask = 2147483647;
			files = (
				565AD02C27F483D300BF2BC3 /* RegisterViewController.xib in Resources */,
				568A240D27F4430F007EB3AB /* LoginViewController.xib in Resources */,
				5612B00B27F3036400219CF6 /* NunitoSans-Black.ttf in Resources */,
				5612AFFB27F3026E00219CF6 /* LaunchScreen.storyboard in Resources */,
				5612AFF827F3026E00219CF6 /* Assets.xcassets in Resources */,
				5612B00E27F3036400219CF6 /* NunitoSans-Italic.ttf in Resources */,
				5612B00A27F3036400219CF6 /* NunitoSans-Regular.ttf in Resources */,
				5612AFF627F3026E00219CF6 /* Main.storyboard in Resources */,
				5612B00927F3036400219CF6 /* NunitoSans-Light.ttf in Resources */,
				5612B00C27F3036400219CF6 /* NunitoSans-SemiBold.ttf in Resources */,
				5612B00D27F3036400219CF6 /* NunitoSans-Bold.ttf in Resources */,
			);
			runOnlyForDeploymentPostprocessing = 0;
		};
/* End PBXResourcesBuildPhase section */

/* Begin PBXSourcesBuildPhase section */
		5612AFE727F3026E00219CF6 /* Sources */ = {
			isa = PBXSourcesBuildPhase;
			buildActionMask = 2147483647;
			files = (
				56D05FEB27F55BA600BCA707 /* LoginPresenter.swift in Sources */,
				5612AFF327F3026E00219CF6 /* ViewController.swift in Sources */,
				56D05FE827F555D900BCA707 /* LoginView.swift in Sources */,
				5612AFEF27F3026E00219CF6 /* AppDelegate.swift in Sources */,
				5612AFF127F3026E00219CF6 /* SceneDelegate.swift in Sources */,
				56D05FF127F55D5600BCA707 /* LoginInteractorOutput.swift in Sources */,
				565AD02A27F483BB00BF2BC3 /* RegisterViewController.swift in Sources */,
				568A240C27F4430F007EB3AB /* LoginViewController.swift in Sources */,
				56743D4C27F35F1C00ECBC1B /* ResetPasswordViewController.swift in Sources */,
				56D05FEF27F55CDB00BCA707 /* LoginInteractor.swift in Sources */,
				56D05FED27F55C2300BCA707 /* LoginPresenterImpl.swift in Sources */,
			);
			runOnlyForDeploymentPostprocessing = 0;
		};
/* End PBXSourcesBuildPhase section */

/* Begin PBXVariantGroup section */
		5612AFF427F3026E00219CF6 /* Main.storyboard */ = {
			isa = PBXVariantGroup;
			children = (
				5612AFF527F3026E00219CF6 /* Base */,
			);
			name = Main.storyboard;
			sourceTree = "<group>";
		};
		5612AFF927F3026E00219CF6 /* LaunchScreen.storyboard */ = {
			isa = PBXVariantGroup;
			children = (
				5612AFFA27F3026E00219CF6 /* Base */,
			);
			name = LaunchScreen.storyboard;
			sourceTree = "<group>";
		};
/* End PBXVariantGroup section */

/* Begin XCBuildConfiguration section */
		5612AFFD27F3026E00219CF6 /* Debug */ = {
			isa = XCBuildConfiguration;
			buildSettings = {
				ALWAYS_SEARCH_USER_PATHS = NO;
				CLANG_ANALYZER_NONNULL = YES;
				CLANG_ANALYZER_NUMBER_OBJECT_CONVERSION = YES_AGGRESSIVE;
				CLANG_CXX_LANGUAGE_STANDARD = "gnu++17";
				CLANG_ENABLE_MODULES = YES;
				CLANG_ENABLE_OBJC_ARC = YES;
				CLANG_ENABLE_OBJC_WEAK = YES;
				CLANG_WARN_BLOCK_CAPTURE_AUTORELEASING = YES;
				CLANG_WARN_BOOL_CONVERSION = YES;
				CLANG_WARN_COMMA = YES;
				CLANG_WARN_CONSTANT_CONVERSION = YES;
				CLANG_WARN_DEPRECATED_OBJC_IMPLEMENTATIONS = YES;
				CLANG_WARN_DIRECT_OBJC_ISA_USAGE = YES_ERROR;
				CLANG_WARN_DOCUMENTATION_COMMENTS = YES;
				CLANG_WARN_EMPTY_BODY = YES;
				CLANG_WARN_ENUM_CONVERSION = YES;
				CLANG_WARN_INFINITE_RECURSION = YES;
				CLANG_WARN_INT_CONVERSION = YES;
				CLANG_WARN_NON_LITERAL_NULL_CONVERSION = YES;
				CLANG_WARN_OBJC_IMPLICIT_RETAIN_SELF = YES;
				CLANG_WARN_OBJC_LITERAL_CONVERSION = YES;
				CLANG_WARN_OBJC_ROOT_CLASS = YES_ERROR;
				CLANG_WARN_QUOTED_INCLUDE_IN_FRAMEWORK_HEADER = YES;
				CLANG_WARN_RANGE_LOOP_ANALYSIS = YES;
				CLANG_WARN_STRICT_PROTOTYPES = YES;
				CLANG_WARN_SUSPICIOUS_MOVE = YES;
				CLANG_WARN_UNGUARDED_AVAILABILITY = YES_AGGRESSIVE;
				CLANG_WARN_UNREACHABLE_CODE = YES;
				CLANG_WARN__DUPLICATE_METHOD_MATCH = YES;
				COPY_PHASE_STRIP = NO;
				DEBUG_INFORMATION_FORMAT = dwarf;
				ENABLE_STRICT_OBJC_MSGSEND = YES;
				ENABLE_TESTABILITY = YES;
				GCC_C_LANGUAGE_STANDARD = gnu11;
				GCC_DYNAMIC_NO_PIC = NO;
				GCC_NO_COMMON_BLOCKS = YES;
				GCC_OPTIMIZATION_LEVEL = 0;
				GCC_PREPROCESSOR_DEFINITIONS = (
					"DEBUG=1",
					"$(inherited)",
				);
				GCC_WARN_64_TO_32_BIT_CONVERSION = YES;
				GCC_WARN_ABOUT_RETURN_TYPE = YES_ERROR;
				GCC_WARN_UNDECLARED_SELECTOR = YES;
				GCC_WARN_UNINITIALIZED_AUTOS = YES_AGGRESSIVE;
				GCC_WARN_UNUSED_FUNCTION = YES;
				GCC_WARN_UNUSED_VARIABLE = YES;
				IPHONEOS_DEPLOYMENT_TARGET = 15.4;
				MTL_ENABLE_DEBUG_INFO = INCLUDE_SOURCE;
				MTL_FAST_MATH = YES;
				ONLY_ACTIVE_ARCH = YES;
				SDKROOT = iphoneos;
				SWIFT_ACTIVE_COMPILATION_CONDITIONS = DEBUG;
				SWIFT_OPTIMIZATION_LEVEL = "-Onone";
			};
			name = Debug;
		};
		5612AFFE27F3026E00219CF6 /* Release */ = {
			isa = XCBuildConfiguration;
			buildSettings = {
				ALWAYS_SEARCH_USER_PATHS = NO;
				CLANG_ANALYZER_NONNULL = YES;
				CLANG_ANALYZER_NUMBER_OBJECT_CONVERSION = YES_AGGRESSIVE;
				CLANG_CXX_LANGUAGE_STANDARD = "gnu++17";
				CLANG_ENABLE_MODULES = YES;
				CLANG_ENABLE_OBJC_ARC = YES;
				CLANG_ENABLE_OBJC_WEAK = YES;
				CLANG_WARN_BLOCK_CAPTURE_AUTORELEASING = YES;
				CLANG_WARN_BOOL_CONVERSION = YES;
				CLANG_WARN_COMMA = YES;
				CLANG_WARN_CONSTANT_CONVERSION = YES;
				CLANG_WARN_DEPRECATED_OBJC_IMPLEMENTATIONS = YES;
				CLANG_WARN_DIRECT_OBJC_ISA_USAGE = YES_ERROR;
				CLANG_WARN_DOCUMENTATION_COMMENTS = YES;
				CLANG_WARN_EMPTY_BODY = YES;
				CLANG_WARN_ENUM_CONVERSION = YES;
				CLANG_WARN_INFINITE_RECURSION = YES;
				CLANG_WARN_INT_CONVERSION = YES;
				CLANG_WARN_NON_LITERAL_NULL_CONVERSION = YES;
				CLANG_WARN_OBJC_IMPLICIT_RETAIN_SELF = YES;
				CLANG_WARN_OBJC_LITERAL_CONVERSION = YES;
				CLANG_WARN_OBJC_ROOT_CLASS = YES_ERROR;
				CLANG_WARN_QUOTED_INCLUDE_IN_FRAMEWORK_HEADER = YES;
				CLANG_WARN_RANGE_LOOP_ANALYSIS = YES;
				CLANG_WARN_STRICT_PROTOTYPES = YES;
				CLANG_WARN_SUSPICIOUS_MOVE = YES;
				CLANG_WARN_UNGUARDED_AVAILABILITY = YES_AGGRESSIVE;
				CLANG_WARN_UNREACHABLE_CODE = YES;
				CLANG_WARN__DUPLICATE_METHOD_MATCH = YES;
				COPY_PHASE_STRIP = NO;
				DEBUG_INFORMATION_FORMAT = "dwarf-with-dsym";
				ENABLE_NS_ASSERTIONS = NO;
				ENABLE_STRICT_OBJC_MSGSEND = YES;
				GCC_C_LANGUAGE_STANDARD = gnu11;
				GCC_NO_COMMON_BLOCKS = YES;
				GCC_WARN_64_TO_32_BIT_CONVERSION = YES;
				GCC_WARN_ABOUT_RETURN_TYPE = YES_ERROR;
				GCC_WARN_UNDECLARED_SELECTOR = YES;
				GCC_WARN_UNINITIALIZED_AUTOS = YES_AGGRESSIVE;
				GCC_WARN_UNUSED_FUNCTION = YES;
				GCC_WARN_UNUSED_VARIABLE = YES;
				IPHONEOS_DEPLOYMENT_TARGET = 15.4;
				MTL_ENABLE_DEBUG_INFO = NO;
				MTL_FAST_MATH = YES;
				SDKROOT = iphoneos;
				SWIFT_COMPILATION_MODE = wholemodule;
				SWIFT_OPTIMIZATION_LEVEL = "-O";
				VALIDATE_PRODUCT = YES;
			};
			name = Release;
		};
		5612B00027F3026E00219CF6 /* Debug */ = {
			isa = XCBuildConfiguration;
			buildSettings = {
				ASSETCATALOG_COMPILER_APPICON_NAME = AppIcon;
				ASSETCATALOG_COMPILER_GLOBAL_ACCENT_COLOR_NAME = AccentColor;
				CODE_SIGN_STYLE = Automatic;
				CURRENT_PROJECT_VERSION = 1;
				GENERATE_INFOPLIST_FILE = YES;
				INFOPLIST_FILE = ZWallet/Info.plist;
				INFOPLIST_KEY_UIApplicationSupportsIndirectInputEvents = YES;
				INFOPLIST_KEY_UILaunchStoryboardName = LaunchScreen;
				INFOPLIST_KEY_UISupportedInterfaceOrientations_iPad = "UIInterfaceOrientationPortrait UIInterfaceOrientationPortraitUpsideDown UIInterfaceOrientationLandscapeLeft UIInterfaceOrientationLandscapeRight";
				INFOPLIST_KEY_UISupportedInterfaceOrientations_iPhone = "UIInterfaceOrientationPortrait UIInterfaceOrientationLandscapeLeft UIInterfaceOrientationLandscapeRight";
				LD_RUNPATH_SEARCH_PATHS = (
					"$(inherited)",
					"@executable_path/Frameworks",
				);
				MARKETING_VERSION = 1.0;
				PRODUCT_BUNDLE_IDENTIFIER = com.bcas.ZWallet;
				PRODUCT_NAME = "$(TARGET_NAME)";
				SWIFT_EMIT_LOC_STRINGS = YES;
				SWIFT_VERSION = 5.0;
				TARGETED_DEVICE_FAMILY = "1,2";
			};
			name = Debug;
		};
		5612B00127F3026E00219CF6 /* Release */ = {
			isa = XCBuildConfiguration;
			buildSettings = {
				ASSETCATALOG_COMPILER_APPICON_NAME = AppIcon;
				ASSETCATALOG_COMPILER_GLOBAL_ACCENT_COLOR_NAME = AccentColor;
				CODE_SIGN_STYLE = Automatic;
				CURRENT_PROJECT_VERSION = 1;
				GENERATE_INFOPLIST_FILE = YES;
				INFOPLIST_FILE = ZWallet/Info.plist;
				INFOPLIST_KEY_UIApplicationSupportsIndirectInputEvents = YES;
				INFOPLIST_KEY_UILaunchStoryboardName = LaunchScreen;
				INFOPLIST_KEY_UISupportedInterfaceOrientations_iPad = "UIInterfaceOrientationPortrait UIInterfaceOrientationPortraitUpsideDown UIInterfaceOrientationLandscapeLeft UIInterfaceOrientationLandscapeRight";
				INFOPLIST_KEY_UISupportedInterfaceOrientations_iPhone = "UIInterfaceOrientationPortrait UIInterfaceOrientationLandscapeLeft UIInterfaceOrientationLandscapeRight";
				LD_RUNPATH_SEARCH_PATHS = (
					"$(inherited)",
					"@executable_path/Frameworks",
				);
				MARKETING_VERSION = 1.0;
				PRODUCT_BUNDLE_IDENTIFIER = com.bcas.ZWallet;
				PRODUCT_NAME = "$(TARGET_NAME)";
				SWIFT_EMIT_LOC_STRINGS = YES;
				SWIFT_VERSION = 5.0;
				TARGETED_DEVICE_FAMILY = "1,2";
			};
			name = Release;
		};
/* End XCBuildConfiguration section */

/* Begin XCConfigurationList section */
		5612AFE627F3026E00219CF6 /* Build configuration list for PBXProject "ZWallet" */ = {
			isa = XCConfigurationList;
			buildConfigurations = (
				5612AFFD27F3026E00219CF6 /* Debug */,
				5612AFFE27F3026E00219CF6 /* Release */,
			);
			defaultConfigurationIsVisible = 0;
			defaultConfigurationName = Release;
		};
		5612AFFF27F3026E00219CF6 /* Build configuration list for PBXNativeTarget "ZWallet" */ = {
			isa = XCConfigurationList;
			buildConfigurations = (
				5612B00027F3026E00219CF6 /* Debug */,
				5612B00127F3026E00219CF6 /* Release */,
			);
			defaultConfigurationIsVisible = 0;
			defaultConfigurationName = Release;
		};
/* End XCConfigurationList section */
	};
	rootObject = 5612AFE327F3026E00219CF6 /* Project object */;
}
