// !$*UTF8*$!
{
	archiveVersion = 1;
	classes = {
	};
	objectVersion = 55;
	objects = {

/* Begin PBXBuildFile section */
		5612AFEF27F3026E00219CF6 /* AppDelegate.swift in Sources */ = {isa = PBXBuildFile; fileRef = 5612AFEE27F3026E00219CF6 /* AppDelegate.swift */; };
		5612AFF127F3026E00219CF6 /* SceneDelegate.swift in Sources */ = {isa = PBXBuildFile; fileRef = 5612AFF027F3026E00219CF6 /* SceneDelegate.swift */; };
		5612AFF327F3026E00219CF6 /* ViewController.swift in Sources */ = {isa = PBXBuildFile; fileRef = 5612AFF227F3026E00219CF6 /* ViewController.swift */; };
		5612AFF827F3026E00219CF6 /* Assets.xcassets in Resources */ = {isa = PBXBuildFile; fileRef = 5612AFF727F3026E00219CF6 /* Assets.xcassets */; };
		5612AFFB27F3026E00219CF6 /* LaunchScreen.storyboard in Resources */ = {isa = PBXBuildFile; fileRef = 5612AFF927F3026E00219CF6 /* LaunchScreen.storyboard */; };
		5612B00927F3036400219CF6 /* NunitoSans-Light.ttf in Resources */ = {isa = PBXBuildFile; fileRef = 5612B00327F3036400219CF6 /* NunitoSans-Light.ttf */; };
		5612B00A27F3036400219CF6 /* NunitoSans-Regular.ttf in Resources */ = {isa = PBXBuildFile; fileRef = 5612B00427F3036400219CF6 /* NunitoSans-Regular.ttf */; };
		5612B00B27F3036400219CF6 /* NunitoSans-Black.ttf in Resources */ = {isa = PBXBuildFile; fileRef = 5612B00527F3036400219CF6 /* NunitoSans-Black.ttf */; };
		5612B00C27F3036400219CF6 /* NunitoSans-SemiBold.ttf in Resources */ = {isa = PBXBuildFile; fileRef = 5612B00627F3036400219CF6 /* NunitoSans-SemiBold.ttf */; };
		5612B00D27F3036400219CF6 /* NunitoSans-Bold.ttf in Resources */ = {isa = PBXBuildFile; fileRef = 5612B00727F3036400219CF6 /* NunitoSans-Bold.ttf */; };
		5612B00E27F3036400219CF6 /* NunitoSans-Italic.ttf in Resources */ = {isa = PBXBuildFile; fileRef = 5612B00827F3036400219CF6 /* NunitoSans-Italic.ttf */; };
		5627966527F854C20082B2CC /* IntExtension.swift in Sources */ = {isa = PBXBuildFile; fileRef = 5627966427F854C20082B2CC /* IntExtension.swift */; };
		5627966727F854D10082B2CC /* UIViewExtension.swift in Sources */ = {isa = PBXBuildFile; fileRef = 5627966627F854D10082B2CC /* UIViewExtension.swift */; };
		565AD02A27F483BB00BF2BC3 /* RegisterViewController.swift in Sources */ = {isa = PBXBuildFile; fileRef = 565AD02927F483BB00BF2BC3 /* RegisterViewController.swift */; };
		565AD02C27F483D300BF2BC3 /* RegisterViewController.xib in Resources */ = {isa = PBXBuildFile; fileRef = 565AD02B27F483D300BF2BC3 /* RegisterViewController.xib */; };
		566EB82C27FAAE960072C624 /* BalanceNetworkManager.swift in Sources */ = {isa = PBXBuildFile; fileRef = 566EB82927FAAE950072C624 /* BalanceNetworkManager.swift */; };
		566EB82D27FAAE960072C624 /* BalanceApi.swift in Sources */ = {isa = PBXBuildFile; fileRef = 566EB82A27FAAE950072C624 /* BalanceApi.swift */; };
		566EB82E27FAAE960072C624 /* BalanceNetworkManagerImpl.swift in Sources */ = {isa = PBXBuildFile; fileRef = 566EB82B27FAAE960072C624 /* BalanceNetworkManagerImpl.swift */; };
		566EB83227FAAEA80072C624 /* GetBalanceResponse.swift in Sources */ = {isa = PBXBuildFile; fileRef = 566EB83027FAAEA80072C624 /* GetBalanceResponse.swift */; };
		566EB83327FAAEA80072C624 /* GetBalanceDataResponse.swift in Sources */ = {isa = PBXBuildFile; fileRef = 566EB83127FAAEA80072C624 /* GetBalanceDataResponse.swift */; };
		56743D4C27F35F1C00ECBC1B /* ResetPasswordViewController.swift in Sources */ = {isa = PBXBuildFile; fileRef = 56743D4B27F35F1C00ECBC1B /* ResetPasswordViewController.swift */; };
		567E571427FC860D00A40F19 /* hatta.jpeg in Resources */ = {isa = PBXBuildFile; fileRef = 567E571327FC860D00A40F19 /* hatta.jpeg */; };
		567E571C27FC905A00A40F19 /* RegisterResponse.swift in Sources */ = {isa = PBXBuildFile; fileRef = 567E571B27FC905A00A40F19 /* RegisterResponse.swift */; };
		567E571E27FC907700A40F19 /* RegisterRouterImpl.swift in Sources */ = {isa = PBXBuildFile; fileRef = 567E571D27FC907700A40F19 /* RegisterRouterImpl.swift */; };
		567E572027FC908500A40F19 /* RegisterRouterProtocol.swift in Sources */ = {isa = PBXBuildFile; fileRef = 567E571F27FC908500A40F19 /* RegisterRouterProtocol.swift */; };
		567E572227FC909800A40F19 /* RegisterPresenterProtocol.swift in Sources */ = {isa = PBXBuildFile; fileRef = 567E572127FC909800A40F19 /* RegisterPresenterProtocol.swift */; };
		567E572427FC90A300A40F19 /* RegisterPresenterImpl.swift in Sources */ = {isa = PBXBuildFile; fileRef = 567E572327FC90A300A40F19 /* RegisterPresenterImpl.swift */; };
		567E572627FC90B200A40F19 /* RegisterInteractorOutput.swift in Sources */ = {isa = PBXBuildFile; fileRef = 567E572527FC90B200A40F19 /* RegisterInteractorOutput.swift */; };
		567E572827FC90BD00A40F19 /* RegisterInteractorProtocol.swift in Sources */ = {isa = PBXBuildFile; fileRef = 567E572727FC90BD00A40F19 /* RegisterInteractorProtocol.swift */; };
		567E572A27FC90C900A40F19 /* RegisterInteractorImpl.swift in Sources */ = {isa = PBXBuildFile; fileRef = 567E572927FC90C900A40F19 /* RegisterInteractorImpl.swift */; };
		567E572C27FC90F200A40F19 /* RegisterViewProtocol.swift in Sources */ = {isa = PBXBuildFile; fileRef = 567E572B27FC90F200A40F19 /* RegisterViewProtocol.swift */; };
		568A240C27F4430F007EB3AB /* LoginViewController.swift in Sources */ = {isa = PBXBuildFile; fileRef = 568A240A27F4430F007EB3AB /* LoginViewController.swift */; };
		568A240D27F4430F007EB3AB /* LoginViewController.xib in Resources */ = {isa = PBXBuildFile; fileRef = 568A240B27F4430F007EB3AB /* LoginViewController.xib */; };
		56CF11D427F600EA009CD8C3 /* LoginInteractorImpl.swift in Sources */ = {isa = PBXBuildFile; fileRef = 56CF11D327F600EA009CD8C3 /* LoginInteractorImpl.swift */; };
		56CF11DD27F601F8009CD8C3 /* AuthApi.swift in Sources */ = {isa = PBXBuildFile; fileRef = 56CF11DC27F601F8009CD8C3 /* AuthApi.swift */; };
		56CF11DF27F60215009CD8C3 /* AuthNetworkManagerImpl.swift in Sources */ = {isa = PBXBuildFile; fileRef = 56CF11DE27F60215009CD8C3 /* AuthNetworkManagerImpl.swift */; };
		56CF11E127F60226009CD8C3 /* AuthNetworkManager.swift in Sources */ = {isa = PBXBuildFile; fileRef = 56CF11E027F60226009CD8C3 /* AuthNetworkManager.swift */; };
		56CF11EE27F607BB009CD8C3 /* LoginDataResponse.swift in Sources */ = {isa = PBXBuildFile; fileRef = 56CF11ED27F607BB009CD8C3 /* LoginDataResponse.swift */; };
		56CF11F027F607C5009CD8C3 /* LoginResponse.swift in Sources */ = {isa = PBXBuildFile; fileRef = 56CF11EF27F607C5009CD8C3 /* LoginResponse.swift */; };
		56CF11F627F60BD2009CD8C3 /* UserDefaultHelper.swift in Sources */ = {isa = PBXBuildFile; fileRef = 56CF11F527F60BD2009CD8C3 /* UserDefaultHelper.swift */; };
		56CF11F827F60C10009CD8C3 /* AppRouter.swift in Sources */ = {isa = PBXBuildFile; fileRef = 56CF11F727F60C10009CD8C3 /* AppRouter.swift */; };
		56CF11FA27F60C2F009CD8C3 /* AppConstant.swift in Sources */ = {isa = PBXBuildFile; fileRef = 56CF11F927F60C2F009CD8C3 /* AppConstant.swift */; };
		56CF11FC27F60DE2009CD8C3 /* LoginRouterImpl.swift in Sources */ = {isa = PBXBuildFile; fileRef = 56CF11FB27F60DE2009CD8C3 /* LoginRouterImpl.swift */; };
		56CF11FE27F60DED009CD8C3 /* LoginRouterProtocol.swift in Sources */ = {isa = PBXBuildFile; fileRef = 56CF11FD27F60DED009CD8C3 /* LoginRouterProtocol.swift */; };
		56D05FE827F555D900BCA707 /* LoginViewProtocol.swift in Sources */ = {isa = PBXBuildFile; fileRef = 56D05FE727F555D900BCA707 /* LoginViewProtocol.swift */; };
		56D05FEB27F55BA600BCA707 /* LoginPresenterProtocol.swift in Sources */ = {isa = PBXBuildFile; fileRef = 56D05FEA27F55BA600BCA707 /* LoginPresenterProtocol.swift */; };
		56D05FED27F55C2300BCA707 /* LoginPresenterImpl.swift in Sources */ = {isa = PBXBuildFile; fileRef = 56D05FEC27F55C2300BCA707 /* LoginPresenterImpl.swift */; };
		56D05FEF27F55CDB00BCA707 /* LoginInteractorProtocol.swift in Sources */ = {isa = PBXBuildFile; fileRef = 56D05FEE27F55CDB00BCA707 /* LoginInteractorProtocol.swift */; };
		56D05FF127F55D5600BCA707 /* LoginInteractorOutput.swift in Sources */ = {isa = PBXBuildFile; fileRef = 56D05FF027F55D5600BCA707 /* LoginInteractorOutput.swift */; };
		56DC890427F761B2006B1858 /* CombineMoya in Frameworks */ = {isa = PBXBuildFile; productRef = 56DC890327F761B2006B1858 /* CombineMoya */; };
		56DC890627F761B2006B1858 /* Moya in Frameworks */ = {isa = PBXBuildFile; productRef = 56DC890527F761B2006B1858 /* Moya */; };
		56DC890827F761B2006B1858 /* ReactiveMoya in Frameworks */ = {isa = PBXBuildFile; productRef = 56DC890727F761B2006B1858 /* ReactiveMoya */; };
		56DC890A27F761B2006B1858 /* RxMoya in Frameworks */ = {isa = PBXBuildFile; productRef = 56DC890927F761B2006B1858 /* RxMoya */; };
		56F87D4927F6A7260047D897 /* netfox in Frameworks */ = {isa = PBXBuildFile; productRef = 56F87D4827F6A7260047D897 /* netfox */; };
		56F87D4C27F6A7590047D897 /* Kingfisher in Frameworks */ = {isa = PBXBuildFile; productRef = 56F87D4B27F6A7590047D897 /* Kingfisher */; };
/* End PBXBuildFile section */

/* Begin PBXFileReference section */
		5612AFEB27F3026E00219CF6 /* ZWallet.app */ = {isa = PBXFileReference; explicitFileType = wrapper.application; includeInIndex = 0; path = ZWallet.app; sourceTree = BUILT_PRODUCTS_DIR; };
		5612AFEE27F3026E00219CF6 /* AppDelegate.swift */ = {isa = PBXFileReference; lastKnownFileType = sourcecode.swift; path = AppDelegate.swift; sourceTree = "<group>"; };
		5612AFF027F3026E00219CF6 /* SceneDelegate.swift */ = {isa = PBXFileReference; lastKnownFileType = sourcecode.swift; path = SceneDelegate.swift; sourceTree = "<group>"; };
		5612AFF227F3026E00219CF6 /* ViewController.swift */ = {isa = PBXFileReference; lastKnownFileType = sourcecode.swift; path = ViewController.swift; sourceTree = "<group>"; };
		5612AFF727F3026E00219CF6 /* Assets.xcassets */ = {isa = PBXFileReference; lastKnownFileType = folder.assetcatalog; path = Assets.xcassets; sourceTree = "<group>"; };
		5612AFFA27F3026E00219CF6 /* Base */ = {isa = PBXFileReference; lastKnownFileType = file.storyboard; name = Base; path = Base.lproj/LaunchScreen.storyboard; sourceTree = "<group>"; };
		5612AFFC27F3026E00219CF6 /* Info.plist */ = {isa = PBXFileReference; lastKnownFileType = text.plist.xml; path = Info.plist; sourceTree = "<group>"; };
		5612B00327F3036400219CF6 /* NunitoSans-Light.ttf */ = {isa = PBXFileReference; lastKnownFileType = file; path = "NunitoSans-Light.ttf"; sourceTree = "<group>"; };
		5612B00427F3036400219CF6 /* NunitoSans-Regular.ttf */ = {isa = PBXFileReference; lastKnownFileType = file; path = "NunitoSans-Regular.ttf"; sourceTree = "<group>"; };
		5612B00527F3036400219CF6 /* NunitoSans-Black.ttf */ = {isa = PBXFileReference; lastKnownFileType = file; path = "NunitoSans-Black.ttf"; sourceTree = "<group>"; };
		5612B00627F3036400219CF6 /* NunitoSans-SemiBold.ttf */ = {isa = PBXFileReference; lastKnownFileType = file; path = "NunitoSans-SemiBold.ttf"; sourceTree = "<group>"; };
		5612B00727F3036400219CF6 /* NunitoSans-Bold.ttf */ = {isa = PBXFileReference; lastKnownFileType = file; path = "NunitoSans-Bold.ttf"; sourceTree = "<group>"; };
		5612B00827F3036400219CF6 /* NunitoSans-Italic.ttf */ = {isa = PBXFileReference; lastKnownFileType = file; path = "NunitoSans-Italic.ttf"; sourceTree = "<group>"; };
		5627966427F854C20082B2CC /* IntExtension.swift */ = {isa = PBXFileReference; lastKnownFileType = sourcecode.swift; path = IntExtension.swift; sourceTree = "<group>"; };
		5627966627F854D10082B2CC /* UIViewExtension.swift */ = {isa = PBXFileReference; lastKnownFileType = sourcecode.swift; path = UIViewExtension.swift; sourceTree = "<group>"; };
		565AD02927F483BB00BF2BC3 /* RegisterViewController.swift */ = {isa = PBXFileReference; lastKnownFileType = sourcecode.swift; path = RegisterViewController.swift; sourceTree = "<group>"; };
		565AD02B27F483D300BF2BC3 /* RegisterViewController.xib */ = {isa = PBXFileReference; lastKnownFileType = file.xib; path = RegisterViewController.xib; sourceTree = "<group>"; };
		566EB82927FAAE950072C624 /* BalanceNetworkManager.swift */ = {isa = PBXFileReference; fileEncoding = 4; lastKnownFileType = sourcecode.swift; path = BalanceNetworkManager.swift; sourceTree = "<group>"; };
		566EB82A27FAAE950072C624 /* BalanceApi.swift */ = {isa = PBXFileReference; fileEncoding = 4; lastKnownFileType = sourcecode.swift; path = BalanceApi.swift; sourceTree = "<group>"; };
		566EB82B27FAAE960072C624 /* BalanceNetworkManagerImpl.swift */ = {isa = PBXFileReference; fileEncoding = 4; lastKnownFileType = sourcecode.swift; path = BalanceNetworkManagerImpl.swift; sourceTree = "<group>"; };
		566EB83027FAAEA80072C624 /* GetBalanceResponse.swift */ = {isa = PBXFileReference; fileEncoding = 4; lastKnownFileType = sourcecode.swift; path = GetBalanceResponse.swift; sourceTree = "<group>"; };
		566EB83127FAAEA80072C624 /* GetBalanceDataResponse.swift */ = {isa = PBXFileReference; fileEncoding = 4; lastKnownFileType = sourcecode.swift; path = GetBalanceDataResponse.swift; sourceTree = "<group>"; };
		56743D4B27F35F1C00ECBC1B /* ResetPasswordViewController.swift */ = {isa = PBXFileReference; lastKnownFileType = sourcecode.swift; path = ResetPasswordViewController.swift; sourceTree = "<group>"; };
		567E571327FC860D00A40F19 /* hatta.jpeg */ = {isa = PBXFileReference; lastKnownFileType = image.jpeg; path = hatta.jpeg; sourceTree = "<group>"; };
		567E571B27FC905A00A40F19 /* RegisterResponse.swift */ = {isa = PBXFileReference; lastKnownFileType = sourcecode.swift; path = RegisterResponse.swift; sourceTree = "<group>"; };
		567E571D27FC907700A40F19 /* RegisterRouterImpl.swift */ = {isa = PBXFileReference; lastKnownFileType = sourcecode.swift; path = RegisterRouterImpl.swift; sourceTree = "<group>"; };
		567E571F27FC908500A40F19 /* RegisterRouterProtocol.swift */ = {isa = PBXFileReference; lastKnownFileType = sourcecode.swift; path = RegisterRouterProtocol.swift; sourceTree = "<group>"; };
		567E572127FC909800A40F19 /* RegisterPresenterProtocol.swift */ = {isa = PBXFileReference; lastKnownFileType = sourcecode.swift; path = RegisterPresenterProtocol.swift; sourceTree = "<group>"; };
		567E572327FC90A300A40F19 /* RegisterPresenterImpl.swift */ = {isa = PBXFileReference; lastKnownFileType = sourcecode.swift; path = RegisterPresenterImpl.swift; sourceTree = "<group>"; };
		567E572527FC90B200A40F19 /* RegisterInteractorOutput.swift */ = {isa = PBXFileReference; lastKnownFileType = sourcecode.swift; path = RegisterInteractorOutput.swift; sourceTree = "<group>"; };
		567E572727FC90BD00A40F19 /* RegisterInteractorProtocol.swift */ = {isa = PBXFileReference; lastKnownFileType = sourcecode.swift; path = RegisterInteractorProtocol.swift; sourceTree = "<group>"; };
		567E572927FC90C900A40F19 /* RegisterInteractorImpl.swift */ = {isa = PBXFileReference; lastKnownFileType = sourcecode.swift; path = RegisterInteractorImpl.swift; sourceTree = "<group>"; };
		567E572B27FC90F200A40F19 /* RegisterViewProtocol.swift */ = {isa = PBXFileReference; lastKnownFileType = sourcecode.swift; path = RegisterViewProtocol.swift; sourceTree = "<group>"; };
		568A240A27F4430F007EB3AB /* LoginViewController.swift */ = {isa = PBXFileReference; lastKnownFileType = sourcecode.swift; path = LoginViewController.swift; sourceTree = "<group>"; };
		568A240B27F4430F007EB3AB /* LoginViewController.xib */ = {isa = PBXFileReference; lastKnownFileType = file.xib; path = LoginViewController.xib; sourceTree = "<group>"; };
		56CF11D327F600EA009CD8C3 /* LoginInteractorImpl.swift */ = {isa = PBXFileReference; lastKnownFileType = sourcecode.swift; path = LoginInteractorImpl.swift; sourceTree = "<group>"; };
		56CF11DC27F601F8009CD8C3 /* AuthApi.swift */ = {isa = PBXFileReference; lastKnownFileType = sourcecode.swift; path = AuthApi.swift; sourceTree = "<group>"; };
		56CF11DE27F60215009CD8C3 /* AuthNetworkManagerImpl.swift */ = {isa = PBXFileReference; lastKnownFileType = sourcecode.swift; path = AuthNetworkManagerImpl.swift; sourceTree = "<group>"; };
		56CF11E027F60226009CD8C3 /* AuthNetworkManager.swift */ = {isa = PBXFileReference; lastKnownFileType = sourcecode.swift; path = AuthNetworkManager.swift; sourceTree = "<group>"; };
		56CF11ED27F607BB009CD8C3 /* LoginDataResponse.swift */ = {isa = PBXFileReference; lastKnownFileType = sourcecode.swift; path = LoginDataResponse.swift; sourceTree = "<group>"; };
		56CF11EF27F607C5009CD8C3 /* LoginResponse.swift */ = {isa = PBXFileReference; lastKnownFileType = sourcecode.swift; path = LoginResponse.swift; sourceTree = "<group>"; };
		56CF11F527F60BD2009CD8C3 /* UserDefaultHelper.swift */ = {isa = PBXFileReference; lastKnownFileType = sourcecode.swift; path = UserDefaultHelper.swift; sourceTree = "<group>"; };
		56CF11F727F60C10009CD8C3 /* AppRouter.swift */ = {isa = PBXFileReference; lastKnownFileType = sourcecode.swift; path = AppRouter.swift; sourceTree = "<group>"; };
		56CF11F927F60C2F009CD8C3 /* AppConstant.swift */ = {isa = PBXFileReference; lastKnownFileType = sourcecode.swift; path = AppConstant.swift; sourceTree = "<group>"; };
		56CF11FB27F60DE2009CD8C3 /* LoginRouterImpl.swift */ = {isa = PBXFileReference; lastKnownFileType = sourcecode.swift; path = LoginRouterImpl.swift; sourceTree = "<group>"; };
		56CF11FD27F60DED009CD8C3 /* LoginRouterProtocol.swift */ = {isa = PBXFileReference; lastKnownFileType = sourcecode.swift; path = LoginRouterProtocol.swift; sourceTree = "<group>"; };
		56D05FE727F555D900BCA707 /* LoginViewProtocol.swift */ = {isa = PBXFileReference; lastKnownFileType = sourcecode.swift; path = LoginViewProtocol.swift; sourceTree = "<group>"; };
		56D05FEA27F55BA600BCA707 /* LoginPresenterProtocol.swift */ = {isa = PBXFileReference; lastKnownFileType = sourcecode.swift; path = LoginPresenterProtocol.swift; sourceTree = "<group>"; };
		56D05FEC27F55C2300BCA707 /* LoginPresenterImpl.swift */ = {isa = PBXFileReference; lastKnownFileType = sourcecode.swift; path = LoginPresenterImpl.swift; sourceTree = "<group>"; };
		56D05FEE27F55CDB00BCA707 /* LoginInteractorProtocol.swift */ = {isa = PBXFileReference; lastKnownFileType = sourcecode.swift; path = LoginInteractorProtocol.swift; sourceTree = "<group>"; };
		56D05FF027F55D5600BCA707 /* LoginInteractorOutput.swift */ = {isa = PBXFileReference; lastKnownFileType = sourcecode.swift; path = LoginInteractorOutput.swift; sourceTree = "<group>"; };
/* End PBXFileReference section */

/* Begin PBXFrameworksBuildPhase section */
		5612AFE827F3026E00219CF6 /* Frameworks */ = {
			isa = PBXFrameworksBuildPhase;
			buildActionMask = 2147483647;
			files = (
				56DC890A27F761B2006B1858 /* RxMoya in Frameworks */,
				56F87D4C27F6A7590047D897 /* Kingfisher in Frameworks */,
				56F87D4927F6A7260047D897 /* netfox in Frameworks */,
				56DC890627F761B2006B1858 /* Moya in Frameworks */,
				56DC890827F761B2006B1858 /* ReactiveMoya in Frameworks */,
				56DC890427F761B2006B1858 /* CombineMoya in Frameworks */,
			);
			runOnlyForDeploymentPostprocessing = 0;
		};
/* End PBXFrameworksBuildPhase section */

/* Begin PBXGroup section */
		5612AFE227F3026E00219CF6 = {
			isa = PBXGroup;
			children = (
				5612AFED27F3026E00219CF6 /* ZWallet */,
				5612AFEC27F3026E00219CF6 /* Products */,
			);
			sourceTree = "<group>";
		};
		5612AFEC27F3026E00219CF6 /* Products */ = {
			isa = PBXGroup;
			children = (
				5612AFEB27F3026E00219CF6 /* ZWallet.app */,
			);
			name = Products;
			sourceTree = "<group>";
		};
		5612AFED27F3026E00219CF6 /* ZWallet */ = {
			isa = PBXGroup;
			children = (
				567E571127FC844F00A40F19 /* Assets */,
				56CF11D627F601BE009CD8C3 /* Network */,
				56CF11F127F60B91009CD8C3 /* Core */,
				568A23FE27F430A8007EB3AB /* Module */,
				5612B00227F302E700219CF6 /* Font */,
				5612AFEE27F3026E00219CF6 /* AppDelegate.swift */,
				5612AFF027F3026E00219CF6 /* SceneDelegate.swift */,
				5612AFF227F3026E00219CF6 /* ViewController.swift */,
				5612AFF727F3026E00219CF6 /* Assets.xcassets */,
				5612AFF927F3026E00219CF6 /* LaunchScreen.storyboard */,
				5612AFFC27F3026E00219CF6 /* Info.plist */,
				56743D4B27F35F1C00ECBC1B /* ResetPasswordViewController.swift */,
			);
			path = ZWallet;
			sourceTree = "<group>";
		};
		5612B00227F302E700219CF6 /* Font */ = {
			isa = PBXGroup;
			children = (
				5612B00527F3036400219CF6 /* NunitoSans-Black.ttf */,
				5612B00727F3036400219CF6 /* NunitoSans-Bold.ttf */,
				5612B00827F3036400219CF6 /* NunitoSans-Italic.ttf */,
				5612B00327F3036400219CF6 /* NunitoSans-Light.ttf */,
				5612B00427F3036400219CF6 /* NunitoSans-Regular.ttf */,
				5612B00627F3036400219CF6 /* NunitoSans-SemiBold.ttf */,
			);
			path = Font;
			sourceTree = "<group>";
		};
		565AD02827F483A600BF2BC3 /* View */ = {
			isa = PBXGroup;
			children = (
				565AD02927F483BB00BF2BC3 /* RegisterViewController.swift */,
				565AD02B27F483D300BF2BC3 /* RegisterViewController.xib */,
				567E572B27FC90F200A40F19 /* RegisterViewProtocol.swift */,
			);
			path = View;
			sourceTree = "<group>";
		};
		566EB80D27FAA1510072C624 /* HomeModule */ = {
			isa = PBXGroup;
			children = (
			);
			path = HomeModule;
			sourceTree = "<group>";
		};
		566EB82827FAAE8B0072C624 /* Balance */ = {
			isa = PBXGroup;
			children = (
				566EB82F27FAAE9B0072C624 /* Response */,
				566EB82A27FAAE950072C624 /* BalanceApi.swift */,
				566EB82927FAAE950072C624 /* BalanceNetworkManager.swift */,
				566EB82B27FAAE960072C624 /* BalanceNetworkManagerImpl.swift */,
			);
			path = Balance;
			sourceTree = "<group>";
		};
		566EB82F27FAAE9B0072C624 /* Response */ = {
			isa = PBXGroup;
			children = (
				566EB83127FAAEA80072C624 /* GetBalanceDataResponse.swift */,
				566EB83027FAAEA80072C624 /* GetBalanceResponse.swift */,
			);
			path = Response;
			sourceTree = "<group>";
		};
		567E571127FC844F00A40F19 /* Assets */ = {
			isa = PBXGroup;
			children = (
				567E571227FC845900A40F19 /* Image */,
			);
			path = Assets;
			sourceTree = "<group>";
		};
		567E571227FC845900A40F19 /* Image */ = {
			isa = PBXGroup;
			children = (
				567E571327FC860D00A40F19 /* hatta.jpeg */,
			);
			path = Image;
			sourceTree = "<group>";
		};
		567E571527FC901300A40F19 /* Interactor */ = {
			isa = PBXGroup;
			children = (
				567E572527FC90B200A40F19 /* RegisterInteractorOutput.swift */,
				567E572727FC90BD00A40F19 /* RegisterInteractorProtocol.swift */,
				567E572927FC90C900A40F19 /* RegisterInteractorImpl.swift */,
			);
			path = Interactor;
			sourceTree = "<group>";
		};
		567E571627FC901E00A40F19 /* Presenter */ = {
			isa = PBXGroup;
			children = (
				567E572127FC909800A40F19 /* RegisterPresenterProtocol.swift */,
				567E572327FC90A300A40F19 /* RegisterPresenterImpl.swift */,
			);
			path = Presenter;
			sourceTree = "<group>";
		};
		567E571727FC902400A40F19 /* Router */ = {
			isa = PBXGroup;
			children = (
				567E571D27FC907700A40F19 /* RegisterRouterImpl.swift */,
				567E571F27FC908500A40F19 /* RegisterRouterProtocol.swift */,
			);
			path = Router;
			sourceTree = "<group>";
		};
		567E571827FC902A00A40F19 /* Entity */ = {
			isa = PBXGroup;
			children = (
				567E571B27FC905A00A40F19 /* RegisterResponse.swift */,
			);
			path = Entity;
			sourceTree = "<group>";
		};
		567E572D27FC930000A40F19 /* TopUpModule */ = {
			isa = PBXGroup;
			children = (
				567E573327FC932300A40F19 /* Entity */,
				567E573127FC931600A40F19 /* View */,
				567E573027FC931200A40F19 /* Router */,
				567E572F27FC930D00A40F19 /* Presenter */,
				567E572E27FC930700A40F19 /* Interactor */,
			);
			path = TopUpModule;
			sourceTree = "<group>";
		};
		567E572E27FC930700A40F19 /* Interactor */ = {
			isa = PBXGroup;
			children = (
			);
			path = Interactor;
			sourceTree = "<group>";
		};
		567E572F27FC930D00A40F19 /* Presenter */ = {
			isa = PBXGroup;
			children = (
			);
			path = Presenter;
			sourceTree = "<group>";
		};
		567E573027FC931200A40F19 /* Router */ = {
			isa = PBXGroup;
			children = (
			);
			path = Router;
			sourceTree = "<group>";
		};
		567E573127FC931600A40F19 /* View */ = {
			isa = PBXGroup;
			children = (
			);
			path = View;
			sourceTree = "<group>";
		};
		567E573327FC932300A40F19 /* Entity */ = {
			isa = PBXGroup;
			children = (
			);
			path = Entity;
			sourceTree = "<group>";
		};
		567E573427FC932C00A40F19 /* SidebarModule */ = {
			isa = PBXGroup;
			children = (
				567E573927FC934D00A40F19 /* Interactor */,
				567E573827FC934800A40F19 /* Presenter */,
				567E573727FC934300A40F19 /* Router */,
				567E573627FC933E00A40F19 /* View */,
				567E573527FC933800A40F19 /* Entity */,
			);
			path = SidebarModule;
			sourceTree = "<group>";
		};
		567E573527FC933800A40F19 /* Entity */ = {
			isa = PBXGroup;
			children = (
			);
			path = Entity;
			sourceTree = "<group>";
		};
		567E573627FC933E00A40F19 /* View */ = {
			isa = PBXGroup;
			children = (
			);
			path = View;
			sourceTree = "<group>";
		};
		567E573727FC934300A40F19 /* Router */ = {
			isa = PBXGroup;
			children = (
			);
			path = Router;
			sourceTree = "<group>";
		};
		567E573827FC934800A40F19 /* Presenter */ = {
			isa = PBXGroup;
			children = (
			);
			path = Presenter;
			sourceTree = "<group>";
		};
		567E573927FC934D00A40F19 /* Interactor */ = {
			isa = PBXGroup;
			children = (
			);
			path = Interactor;
			sourceTree = "<group>";
		};
		567E573A27FC935500A40F19 /* ProfileModule */ = {
			isa = PBXGroup;
			children = (
				567E573F27FC937400A40F19 /* Entity */,
				567E573E27FC937000A40F19 /* View */,
				567E573D27FC936A00A40F19 /* Router */,
				567E573C27FC936600A40F19 /* Presenter */,
				567E573B27FC935C00A40F19 /* Interactor */,
			);
			path = ProfileModule;
			sourceTree = "<group>";
		};
		567E573B27FC935C00A40F19 /* Interactor */ = {
			isa = PBXGroup;
			children = (
			);
			path = Interactor;
			sourceTree = "<group>";
		};
		567E573C27FC936600A40F19 /* Presenter */ = {
			isa = PBXGroup;
			children = (
			);
			path = Presenter;
			sourceTree = "<group>";
		};
		567E573D27FC936A00A40F19 /* Router */ = {
			isa = PBXGroup;
			children = (
			);
			path = Router;
			sourceTree = "<group>";
		};
		567E573E27FC937000A40F19 /* View */ = {
			isa = PBXGroup;
			children = (
			);
			path = View;
			sourceTree = "<group>";
		};
		567E573F27FC937400A40F19 /* Entity */ = {
			isa = PBXGroup;
			children = (
			);
			path = Entity;
			sourceTree = "<group>";
		};
		567E574027FC938600A40F19 /* OTPModule */ = {
			isa = PBXGroup;
			children = (
				567E574527FC93A300A40F19 /* Interactor */,
				567E574427FC939E00A40F19 /* Presenter */,
				567E574327FC939900A40F19 /* Router */,
				567E574227FC939400A40F19 /* View */,
				567E574127FC938F00A40F19 /* Entity */,
			);
			path = OTPModule;
			sourceTree = "<group>";
		};
		567E574127FC938F00A40F19 /* Entity */ = {
			isa = PBXGroup;
			children = (
			);
			path = Entity;
			sourceTree = "<group>";
		};
		567E574227FC939400A40F19 /* View */ = {
			isa = PBXGroup;
			children = (
			);
			path = View;
			sourceTree = "<group>";
		};
		567E574327FC939900A40F19 /* Router */ = {
			isa = PBXGroup;
			children = (
			);
			path = Router;
			sourceTree = "<group>";
		};
		567E574427FC939E00A40F19 /* Presenter */ = {
			isa = PBXGroup;
			children = (
			);
			path = Presenter;
			sourceTree = "<group>";
		};
		567E574527FC93A300A40F19 /* Interactor */ = {
			isa = PBXGroup;
			children = (
			);
			path = Interactor;
			sourceTree = "<group>";
		};
		567E574627FC93AE00A40F19 /* PINModule */ = {
			isa = PBXGroup;
			children = (
				567E574B27FC93DA00A40F19 /* Router */,
				567E574A27FC93D200A40F19 /* View */,
				567E574927FC93CD00A40F19 /* Entity */,
				567E574827FC93C700A40F19 /* Presenter */,
				567E574727FC93BD00A40F19 /* Interactor */,
			);
			path = PINModule;
			sourceTree = "<group>";
		};
		567E574727FC93BD00A40F19 /* Interactor */ = {
			isa = PBXGroup;
			children = (
			);
			path = Interactor;
			sourceTree = "<group>";
		};
		567E574827FC93C700A40F19 /* Presenter */ = {
			isa = PBXGroup;
			children = (
			);
			path = Presenter;
			sourceTree = "<group>";
		};
		567E574927FC93CD00A40F19 /* Entity */ = {
			isa = PBXGroup;
			children = (
			);
			path = Entity;
			sourceTree = "<group>";
		};
		567E574A27FC93D200A40F19 /* View */ = {
			isa = PBXGroup;
			children = (
			);
			path = View;
			sourceTree = "<group>";
		};
		567E574B27FC93DA00A40F19 /* Router */ = {
			isa = PBXGroup;
			children = (
			);
			path = Router;
			sourceTree = "<group>";
		};
		568A23FE27F430A8007EB3AB /* Module */ = {
			isa = PBXGroup;
			children = (
				567E574627FC93AE00A40F19 /* PINModule */,
				567E574027FC938600A40F19 /* OTPModule */,
				567E573A27FC935500A40F19 /* ProfileModule */,
				567E573427FC932C00A40F19 /* SidebarModule */,
				567E572D27FC930000A40F19 /* TopUpModule */,
				566EB80D27FAA1510072C624 /* HomeModule */,
				568A240127F430F0007EB3AB /* RegisterModule */,
				568A23FF27F430B3007EB3AB /* LoginModule */,
			);
			path = Module;
			sourceTree = "<group>";
		};
		568A23FF27F430B3007EB3AB /* LoginModule */ = {
			isa = PBXGroup;
			children = (
				568A240427F43156007EB3AB /* Router */,
				56F87D4627F6A5EF0047D897 /* Entity */,
				568A240527F4315C007EB3AB /* View */,
				568A240327F4314D007EB3AB /* Presenter */,
				568A240227F43143007EB3AB /* Interactor */,
			);
			path = LoginModule;
			sourceTree = "<group>";
		};
		568A240127F430F0007EB3AB /* RegisterModule */ = {
			isa = PBXGroup;
			children = (
				567E571827FC902A00A40F19 /* Entity */,
				567E571727FC902400A40F19 /* Router */,
				567E571627FC901E00A40F19 /* Presenter */,
				567E571527FC901300A40F19 /* Interactor */,
				565AD02827F483A600BF2BC3 /* View */,
			);
			path = RegisterModule;
			sourceTree = "<group>";
		};
		568A240227F43143007EB3AB /* Interactor */ = {
			isa = PBXGroup;
			children = (
				56D05FEE27F55CDB00BCA707 /* LoginInteractorProtocol.swift */,
				56D05FF027F55D5600BCA707 /* LoginInteractorOutput.swift */,
				56CF11D327F600EA009CD8C3 /* LoginInteractorImpl.swift */,
			);
			path = Interactor;
			sourceTree = "<group>";
		};
		568A240327F4314D007EB3AB /* Presenter */ = {
			isa = PBXGroup;
			children = (
				56D05FEA27F55BA600BCA707 /* LoginPresenterProtocol.swift */,
				56D05FEC27F55C2300BCA707 /* LoginPresenterImpl.swift */,
			);
			path = Presenter;
			sourceTree = "<group>";
		};
		568A240427F43156007EB3AB /* Router */ = {
			isa = PBXGroup;
			children = (
				56CF11FB27F60DE2009CD8C3 /* LoginRouterImpl.swift */,
				56CF11FD27F60DED009CD8C3 /* LoginRouterProtocol.swift */,
			);
			path = Router;
			sourceTree = "<group>";
		};
		568A240527F4315C007EB3AB /* View */ = {
			isa = PBXGroup;
			children = (
				568A240A27F4430F007EB3AB /* LoginViewController.swift */,
				568A240B27F4430F007EB3AB /* LoginViewController.xib */,
				56D05FE727F555D900BCA707 /* LoginViewProtocol.swift */,
			);
			path = View;
			sourceTree = "<group>";
		};
		56CF11D527F601B1009CD8C3 /* Data */ = {
			isa = PBXGroup;
			children = (
				56CF11D727F601C7009CD8C3 /* Entity */,
			);
			path = Data;
			sourceTree = "<group>";
		};
		56CF11D627F601BE009CD8C3 /* Network */ = {
			isa = PBXGroup;
			children = (
				566EB82827FAAE8B0072C624 /* Balance */,
				56CF11DA27F601D9009CD8C3 /* Invoice */,
				56CF11D827F601CF009CD8C3 /* Auth */,
			);
			path = Network;
			sourceTree = "<group>";
		};
		56CF11D727F601C7009CD8C3 /* Entity */ = {
			isa = PBXGroup;
			children = (
			);
			path = Entity;
			sourceTree = "<group>";
		};
		56CF11D827F601CF009CD8C3 /* Auth */ = {
			isa = PBXGroup;
			children = (
				56CF11DB27F601E4009CD8C3 /* Response */,
				56CF11DC27F601F8009CD8C3 /* AuthApi.swift */,
				56CF11DE27F60215009CD8C3 /* AuthNetworkManagerImpl.swift */,
				56CF11E027F60226009CD8C3 /* AuthNetworkManager.swift */,
			);
			path = Auth;
			sourceTree = "<group>";
		};
		56CF11DA27F601D9009CD8C3 /* Invoice */ = {
			isa = PBXGroup;
			children = (
			);
			path = Invoice;
			sourceTree = "<group>";
		};
		56CF11DB27F601E4009CD8C3 /* Response */ = {
			isa = PBXGroup;
			children = (
			);
			path = Response;
			sourceTree = "<group>";
		};
		56CF11F127F60B91009CD8C3 /* Core */ = {
			isa = PBXGroup;
			children = (
				56CF11F427F60BC0009CD8C3 /* Extension */,
				56CF11F327F60BB6009CD8C3 /* Helper */,
				56CF11F227F60BB0009CD8C3 /* Component */,
				56CF11D527F601B1009CD8C3 /* Data */,
			);
			path = Core;
			sourceTree = "<group>";
		};
		56CF11F227F60BB0009CD8C3 /* Component */ = {
			isa = PBXGroup;
			children = (
			);
			path = Component;
			sourceTree = "<group>";
		};
		56CF11F327F60BB6009CD8C3 /* Helper */ = {
			isa = PBXGroup;
			children = (
				56CF11F527F60BD2009CD8C3 /* UserDefaultHelper.swift */,
				56CF11F927F60C2F009CD8C3 /* AppConstant.swift */,
				56CF11F727F60C10009CD8C3 /* AppRouter.swift */,
			);
			path = Helper;
			sourceTree = "<group>";
		};
		56CF11F427F60BC0009CD8C3 /* Extension */ = {
			isa = PBXGroup;
			children = (
				5627966427F854C20082B2CC /* IntExtension.swift */,
				5627966627F854D10082B2CC /* UIViewExtension.swift */,
			);
			path = Extension;
			sourceTree = "<group>";
		};
		56F87D4627F6A5EF0047D897 /* Entity */ = {
			isa = PBXGroup;
			children = (
				56CF11ED27F607BB009CD8C3 /* LoginDataResponse.swift */,
				56CF11EF27F607C5009CD8C3 /* LoginResponse.swift */,
			);
			path = Entity;
			sourceTree = "<group>";
		};
/* End PBXGroup section */

/* Begin PBXNativeTarget section */
		5612AFEA27F3026E00219CF6 /* ZWallet */ = {
			isa = PBXNativeTarget;
			buildConfigurationList = 5612AFFF27F3026E00219CF6 /* Build configuration list for PBXNativeTarget "ZWallet" */;
			buildPhases = (
				5612AFE727F3026E00219CF6 /* Sources */,
				5612AFE827F3026E00219CF6 /* Frameworks */,
				5612AFE927F3026E00219CF6 /* Resources */,
			);
			buildRules = (
			);
			dependencies = (
			);
			name = ZWallet;
			packageProductDependencies = (
				56F87D4827F6A7260047D897 /* netfox */,
				56F87D4B27F6A7590047D897 /* Kingfisher */,
				56DC890327F761B2006B1858 /* CombineMoya */,
				56DC890527F761B2006B1858 /* Moya */,
				56DC890727F761B2006B1858 /* ReactiveMoya */,
				56DC890927F761B2006B1858 /* RxMoya */,
			);
			productName = ZWallet;
			productReference = 5612AFEB27F3026E00219CF6 /* ZWallet.app */;
			productType = "com.apple.product-type.application";
		};
/* End PBXNativeTarget section */

/* Begin PBXProject section */
		5612AFE327F3026E00219CF6 /* Project object */ = {
			isa = PBXProject;
			attributes = {
				BuildIndependentTargetsInParallel = 1;
				LastSwiftUpdateCheck = 1330;
				LastUpgradeCheck = 1330;
				TargetAttributes = {
					5612AFEA27F3026E00219CF6 = {
						CreatedOnToolsVersion = 13.3;
					};
				};
			};
			buildConfigurationList = 5612AFE627F3026E00219CF6 /* Build configuration list for PBXProject "ZWallet" */;
			compatibilityVersion = "Xcode 13.0";
			developmentRegion = en;
			hasScannedForEncodings = 0;
			knownRegions = (
				en,
				Base,
			);
			mainGroup = 5612AFE227F3026E00219CF6;
			packageReferences = (
				56CF11E227F60532009CD8C3 /* XCRemoteSwiftPackageReference "Moya" */,
				56F87D4727F6A7260047D897 /* XCRemoteSwiftPackageReference "netfox" */,
				56F87D4A27F6A7590047D897 /* XCRemoteSwiftPackageReference "Kingfisher" */,
				56DC890227F761B2006B1858 /* XCRemoteSwiftPackageReference "Moya" */,
			);
			productRefGroup = 5612AFEC27F3026E00219CF6 /* Products */;
			projectDirPath = "";
			projectRoot = "";
			targets = (
				5612AFEA27F3026E00219CF6 /* ZWallet */,
			);
		};
/* End PBXProject section */

/* Begin PBXResourcesBuildPhase section */
		5612AFE927F3026E00219CF6 /* Resources */ = {
			isa = PBXResourcesBuildPhase;
			buildActionMask = 2147483647;
			files = (
				565AD02C27F483D300BF2BC3 /* RegisterViewController.xib in Resources */,
				568A240D27F4430F007EB3AB /* LoginViewController.xib in Resources */,
				5612B00B27F3036400219CF6 /* NunitoSans-Black.ttf in Resources */,
				567E571427FC860D00A40F19 /* hatta.jpeg in Resources */,
				5612AFFB27F3026E00219CF6 /* LaunchScreen.storyboard in Resources */,
				5612AFF827F3026E00219CF6 /* Assets.xcassets in Resources */,
				5612B00E27F3036400219CF6 /* NunitoSans-Italic.ttf in Resources */,
				5612B00A27F3036400219CF6 /* NunitoSans-Regular.ttf in Resources */,
				5612B00927F3036400219CF6 /* NunitoSans-Light.ttf in Resources */,
				5612B00C27F3036400219CF6 /* NunitoSans-SemiBold.ttf in Resources */,
				5612B00D27F3036400219CF6 /* NunitoSans-Bold.ttf in Resources */,
			);
			runOnlyForDeploymentPostprocessing = 0;
		};
/* End PBXResourcesBuildPhase section */

/* Begin PBXSourcesBuildPhase section */
		5612AFE727F3026E00219CF6 /* Sources */ = {
			isa = PBXSourcesBuildPhase;
			buildActionMask = 2147483647;
			files = (
				56CF11FE27F60DED009CD8C3 /* LoginRouterProtocol.swift in Sources */,
				567E571C27FC905A00A40F19 /* RegisterResponse.swift in Sources */,
				566EB82C27FAAE960072C624 /* BalanceNetworkManager.swift in Sources */,
				5627966527F854C20082B2CC /* IntExtension.swift in Sources */,
				56D05FEB27F55BA600BCA707 /* LoginPresenterProtocol.swift in Sources */,
				56CF11FC27F60DE2009CD8C3 /* LoginRouterImpl.swift in Sources */,
				56CF11E127F60226009CD8C3 /* AuthNetworkManager.swift in Sources */,
				56CF11F827F60C10009CD8C3 /* AppRouter.swift in Sources */,
				5627966727F854D10082B2CC /* UIViewExtension.swift in Sources */,
				56CF11DD27F601F8009CD8C3 /* AuthApi.swift in Sources */,
				567E572627FC90B200A40F19 /* RegisterInteractorOutput.swift in Sources */,
				5612AFF327F3026E00219CF6 /* ViewController.swift in Sources */,
				567E572A27FC90C900A40F19 /* RegisterInteractorImpl.swift in Sources */,
				567E572C27FC90F200A40F19 /* RegisterViewProtocol.swift in Sources */,
				566EB82E27FAAE960072C624 /* BalanceNetworkManagerImpl.swift in Sources */,
				56CF11EE27F607BB009CD8C3 /* LoginDataResponse.swift in Sources */,
				567E572027FC908500A40F19 /* RegisterRouterProtocol.swift in Sources */,
				56D05FE827F555D900BCA707 /* LoginViewProtocol.swift in Sources */,
				5612AFEF27F3026E00219CF6 /* AppDelegate.swift in Sources */,
				567E572227FC909800A40F19 /* RegisterPresenterProtocol.swift in Sources */,
				567E572427FC90A300A40F19 /* RegisterPresenterImpl.swift in Sources */,
				5612AFF127F3026E00219CF6 /* SceneDelegate.swift in Sources */,
				56D05FF127F55D5600BCA707 /* LoginInteractorOutput.swift in Sources */,
				567E571E27FC907700A40F19 /* RegisterRouterImpl.swift in Sources */,
				56CF11D427F600EA009CD8C3 /* LoginInteractorImpl.swift in Sources */,
				56CF11FA27F60C2F009CD8C3 /* AppConstant.swift in Sources */,
				56CF11F627F60BD2009CD8C3 /* UserDefaultHelper.swift in Sources */,
				565AD02A27F483BB00BF2BC3 /* RegisterViewController.swift in Sources */,
				566EB83227FAAEA80072C624 /* GetBalanceResponse.swift in Sources */,
				568A240C27F4430F007EB3AB /* LoginViewController.swift in Sources */,
				56CF11DF27F60215009CD8C3 /* AuthNetworkManagerImpl.swift in Sources */,
				56743D4C27F35F1C00ECBC1B /* ResetPasswordViewController.swift in Sources */,
				56D05FEF27F55CDB00BCA707 /* LoginInteractorProtocol.swift in Sources */,
				567E572827FC90BD00A40F19 /* RegisterInteractorProtocol.swift in Sources */,
				566EB82D27FAAE960072C624 /* BalanceApi.swift in Sources */,
				566EB83327FAAEA80072C624 /* GetBalanceDataResponse.swift in Sources */,
				56CF11F027F607C5009CD8C3 /* LoginResponse.swift in Sources */,
				56D05FED27F55C2300BCA707 /* LoginPresenterImpl.swift in Sources */,
			);
			runOnlyForDeploymentPostprocessing = 0;
		};
/* End PBXSourcesBuildPhase section */

/* Begin PBXVariantGroup section */
		5612AFF927F3026E00219CF6 /* LaunchScreen.storyboard */ = {
			isa = PBXVariantGroup;
			children = (
				5612AFFA27F3026E00219CF6 /* Base */,
			);
			name = LaunchScreen.storyboard;
			sourceTree = "<group>";
		};
/* End PBXVariantGroup section */

/* Begin XCBuildConfiguration section */
		5612AFFD27F3026E00219CF6 /* Debug */ = {
			isa = XCBuildConfiguration;
			buildSettings = {
				ALWAYS_SEARCH_USER_PATHS = NO;
				CLANG_ANALYZER_NONNULL = YES;
				CLANG_ANALYZER_NUMBER_OBJECT_CONVERSION = YES_AGGRESSIVE;
				CLANG_CXX_LANGUAGE_STANDARD = "gnu++17";
				CLANG_ENABLE_MODULES = YES;
				CLANG_ENABLE_OBJC_ARC = YES;
				CLANG_ENABLE_OBJC_WEAK = YES;
				CLANG_WARN_BLOCK_CAPTURE_AUTORELEASING = YES;
				CLANG_WARN_BOOL_CONVERSION = YES;
				CLANG_WARN_COMMA = YES;
				CLANG_WARN_CONSTANT_CONVERSION = YES;
				CLANG_WARN_DEPRECATED_OBJC_IMPLEMENTATIONS = YES;
				CLANG_WARN_DIRECT_OBJC_ISA_USAGE = YES_ERROR;
				CLANG_WARN_DOCUMENTATION_COMMENTS = YES;
				CLANG_WARN_EMPTY_BODY = YES;
				CLANG_WARN_ENUM_CONVERSION = YES;
				CLANG_WARN_INFINITE_RECURSION = YES;
				CLANG_WARN_INT_CONVERSION = YES;
				CLANG_WARN_NON_LITERAL_NULL_CONVERSION = YES;
				CLANG_WARN_OBJC_IMPLICIT_RETAIN_SELF = YES;
				CLANG_WARN_OBJC_LITERAL_CONVERSION = YES;
				CLANG_WARN_OBJC_ROOT_CLASS = YES_ERROR;
				CLANG_WARN_QUOTED_INCLUDE_IN_FRAMEWORK_HEADER = YES;
				CLANG_WARN_RANGE_LOOP_ANALYSIS = YES;
				CLANG_WARN_STRICT_PROTOTYPES = YES;
				CLANG_WARN_SUSPICIOUS_MOVE = YES;
				CLANG_WARN_UNGUARDED_AVAILABILITY = YES_AGGRESSIVE;
				CLANG_WARN_UNREACHABLE_CODE = YES;
				CLANG_WARN__DUPLICATE_METHOD_MATCH = YES;
				COPY_PHASE_STRIP = NO;
				DEBUG_INFORMATION_FORMAT = dwarf;
				ENABLE_STRICT_OBJC_MSGSEND = YES;
				ENABLE_TESTABILITY = YES;
				GCC_C_LANGUAGE_STANDARD = gnu11;
				GCC_DYNAMIC_NO_PIC = NO;
				GCC_NO_COMMON_BLOCKS = YES;
				GCC_OPTIMIZATION_LEVEL = 0;
				GCC_PREPROCESSOR_DEFINITIONS = (
					"DEBUG=1",
					"$(inherited)",
				);
				GCC_WARN_64_TO_32_BIT_CONVERSION = YES;
				GCC_WARN_ABOUT_RETURN_TYPE = YES_ERROR;
				GCC_WARN_UNDECLARED_SELECTOR = YES;
				GCC_WARN_UNINITIALIZED_AUTOS = YES_AGGRESSIVE;
				GCC_WARN_UNUSED_FUNCTION = YES;
				GCC_WARN_UNUSED_VARIABLE = YES;
				IPHONEOS_DEPLOYMENT_TARGET = 15.4;
				MTL_ENABLE_DEBUG_INFO = INCLUDE_SOURCE;
				MTL_FAST_MATH = YES;
				ONLY_ACTIVE_ARCH = YES;
				SDKROOT = iphoneos;
				SWIFT_ACTIVE_COMPILATION_CONDITIONS = DEBUG;
				SWIFT_OPTIMIZATION_LEVEL = "-Onone";
			};
			name = Debug;
		};
		5612AFFE27F3026E00219CF6 /* Release */ = {
			isa = XCBuildConfiguration;
			buildSettings = {
				ALWAYS_SEARCH_USER_PATHS = NO;
				CLANG_ANALYZER_NONNULL = YES;
				CLANG_ANALYZER_NUMBER_OBJECT_CONVERSION = YES_AGGRESSIVE;
				CLANG_CXX_LANGUAGE_STANDARD = "gnu++17";
				CLANG_ENABLE_MODULES = YES;
				CLANG_ENABLE_OBJC_ARC = YES;
				CLANG_ENABLE_OBJC_WEAK = YES;
				CLANG_WARN_BLOCK_CAPTURE_AUTORELEASING = YES;
				CLANG_WARN_BOOL_CONVERSION = YES;
				CLANG_WARN_COMMA = YES;
				CLANG_WARN_CONSTANT_CONVERSION = YES;
				CLANG_WARN_DEPRECATED_OBJC_IMPLEMENTATIONS = YES;
				CLANG_WARN_DIRECT_OBJC_ISA_USAGE = YES_ERROR;
				CLANG_WARN_DOCUMENTATION_COMMENTS = YES;
				CLANG_WARN_EMPTY_BODY = YES;
				CLANG_WARN_ENUM_CONVERSION = YES;
				CLANG_WARN_INFINITE_RECURSION = YES;
				CLANG_WARN_INT_CONVERSION = YES;
				CLANG_WARN_NON_LITERAL_NULL_CONVERSION = YES;
				CLANG_WARN_OBJC_IMPLICIT_RETAIN_SELF = YES;
				CLANG_WARN_OBJC_LITERAL_CONVERSION = YES;
				CLANG_WARN_OBJC_ROOT_CLASS = YES_ERROR;
				CLANG_WARN_QUOTED_INCLUDE_IN_FRAMEWORK_HEADER = YES;
				CLANG_WARN_RANGE_LOOP_ANALYSIS = YES;
				CLANG_WARN_STRICT_PROTOTYPES = YES;
				CLANG_WARN_SUSPICIOUS_MOVE = YES;
				CLANG_WARN_UNGUARDED_AVAILABILITY = YES_AGGRESSIVE;
				CLANG_WARN_UNREACHABLE_CODE = YES;
				CLANG_WARN__DUPLICATE_METHOD_MATCH = YES;
				COPY_PHASE_STRIP = NO;
				DEBUG_INFORMATION_FORMAT = "dwarf-with-dsym";
				ENABLE_NS_ASSERTIONS = NO;
				ENABLE_STRICT_OBJC_MSGSEND = YES;
				GCC_C_LANGUAGE_STANDARD = gnu11;
				GCC_NO_COMMON_BLOCKS = YES;
				GCC_WARN_64_TO_32_BIT_CONVERSION = YES;
				GCC_WARN_ABOUT_RETURN_TYPE = YES_ERROR;
				GCC_WARN_UNDECLARED_SELECTOR = YES;
				GCC_WARN_UNINITIALIZED_AUTOS = YES_AGGRESSIVE;
				GCC_WARN_UNUSED_FUNCTION = YES;
				GCC_WARN_UNUSED_VARIABLE = YES;
				IPHONEOS_DEPLOYMENT_TARGET = 15.4;
				MTL_ENABLE_DEBUG_INFO = NO;
				MTL_FAST_MATH = YES;
				SDKROOT = iphoneos;
				SWIFT_COMPILATION_MODE = wholemodule;
				SWIFT_OPTIMIZATION_LEVEL = "-O";
				VALIDATE_PRODUCT = YES;
			};
			name = Release;
		};
		5612B00027F3026E00219CF6 /* Debug */ = {
			isa = XCBuildConfiguration;
			buildSettings = {
				ASSETCATALOG_COMPILER_APPICON_NAME = AppIcon;
				ASSETCATALOG_COMPILER_GLOBAL_ACCENT_COLOR_NAME = AccentColor;
				CODE_SIGN_STYLE = Automatic;
				CURRENT_PROJECT_VERSION = 1;
				GENERATE_INFOPLIST_FILE = YES;
				INFOPLIST_FILE = ZWallet/Info.plist;
				INFOPLIST_KEY_UIApplicationSupportsIndirectInputEvents = YES;
				INFOPLIST_KEY_UILaunchStoryboardName = LaunchScreen;
				INFOPLIST_KEY_UISupportedInterfaceOrientations = UIInterfaceOrientationPortrait;
				INFOPLIST_KEY_UISupportedInterfaceOrientations_iPad = "UIInterfaceOrientationPortrait UIInterfaceOrientationPortraitUpsideDown UIInterfaceOrientationLandscapeLeft UIInterfaceOrientationLandscapeRight";
				INFOPLIST_KEY_UISupportedInterfaceOrientations_iPhone = "UIInterfaceOrientationPortrait UIInterfaceOrientationLandscapeLeft UIInterfaceOrientationLandscapeRight";
				LD_RUNPATH_SEARCH_PATHS = (
					"$(inherited)",
					"@executable_path/Frameworks",
				);
				MARKETING_VERSION = 1.0;
				PRODUCT_BUNDLE_IDENTIFIER = com.bcas.ZWallet;
				PRODUCT_NAME = "$(TARGET_NAME)";
				SWIFT_EMIT_LOC_STRINGS = YES;
				SWIFT_VERSION = 5.0;
				TARGETED_DEVICE_FAMILY = "1,2";
			};
			name = Debug;
		};
		5612B00127F3026E00219CF6 /* Release */ = {
			isa = XCBuildConfiguration;
			buildSettings = {
				ASSETCATALOG_COMPILER_APPICON_NAME = AppIcon;
				ASSETCATALOG_COMPILER_GLOBAL_ACCENT_COLOR_NAME = AccentColor;
				CODE_SIGN_STYLE = Automatic;
				CURRENT_PROJECT_VERSION = 1;
				GENERATE_INFOPLIST_FILE = YES;
				INFOPLIST_FILE = ZWallet/Info.plist;
				INFOPLIST_KEY_UIApplicationSupportsIndirectInputEvents = YES;
				INFOPLIST_KEY_UILaunchStoryboardName = LaunchScreen;
				INFOPLIST_KEY_UISupportedInterfaceOrientations = UIInterfaceOrientationPortrait;
				INFOPLIST_KEY_UISupportedInterfaceOrientations_iPad = "UIInterfaceOrientationPortrait UIInterfaceOrientationPortraitUpsideDown UIInterfaceOrientationLandscapeLeft UIInterfaceOrientationLandscapeRight";
				INFOPLIST_KEY_UISupportedInterfaceOrientations_iPhone = "UIInterfaceOrientationPortrait UIInterfaceOrientationLandscapeLeft UIInterfaceOrientationLandscapeRight";
				LD_RUNPATH_SEARCH_PATHS = (
					"$(inherited)",
					"@executable_path/Frameworks",
				);
				MARKETING_VERSION = 1.0;
				PRODUCT_BUNDLE_IDENTIFIER = com.bcas.ZWallet;
				PRODUCT_NAME = "$(TARGET_NAME)";
				SWIFT_EMIT_LOC_STRINGS = YES;
				SWIFT_VERSION = 5.0;
				TARGETED_DEVICE_FAMILY = "1,2";
			};
			name = Release;
		};
/* End XCBuildConfiguration section */

/* Begin XCConfigurationList section */
		5612AFE627F3026E00219CF6 /* Build configuration list for PBXProject "ZWallet" */ = {
			isa = XCConfigurationList;
			buildConfigurations = (
				5612AFFD27F3026E00219CF6 /* Debug */,
				5612AFFE27F3026E00219CF6 /* Release */,
			);
			defaultConfigurationIsVisible = 0;
			defaultConfigurationName = Release;
		};
		5612AFFF27F3026E00219CF6 /* Build configuration list for PBXNativeTarget "ZWallet" */ = {
			isa = XCConfigurationList;
			buildConfigurations = (
				5612B00027F3026E00219CF6 /* Debug */,
				5612B00127F3026E00219CF6 /* Release */,
			);
			defaultConfigurationIsVisible = 0;
			defaultConfigurationName = Release;
		};
/* End XCConfigurationList section */

/* Begin XCRemoteSwiftPackageReference section */
		56CF11E227F60532009CD8C3 /* XCRemoteSwiftPackageReference "Moya" */ = {
			isa = XCRemoteSwiftPackageReference;
			repositoryURL = "https://github.com/Moya/Moya.git";
			requirement = {
				kind = upToNextMajorVersion;
				minimumVersion = 15.0.0;
			};
		};
		56DC890227F761B2006B1858 /* XCRemoteSwiftPackageReference "Moya" */ = {
			isa = XCRemoteSwiftPackageReference;
			repositoryURL = "https://github.com/Moya/Moya.git";
			requirement = {
				branch = master;
				kind = branch;
			};
		};
		56F87D4727F6A7260047D897 /* XCRemoteSwiftPackageReference "netfox" */ = {
			isa = XCRemoteSwiftPackageReference;
			repositoryURL = "https://github.com/kasketis/netfox";
			requirement = {
				kind = upToNextMajorVersion;
				minimumVersion = 1.0.0;
			};
		};
		56F87D4A27F6A7590047D897 /* XCRemoteSwiftPackageReference "Kingfisher" */ = {
			isa = XCRemoteSwiftPackageReference;
			repositoryURL = "https://github.com/onevcat/Kingfisher";
			requirement = {
				kind = upToNextMajorVersion;
				minimumVersion = 7.0.0;
			};
		};
/* End XCRemoteSwiftPackageReference section */

/* Begin XCSwiftPackageProductDependency section */
		56DC890327F761B2006B1858 /* CombineMoya */ = {
			isa = XCSwiftPackageProductDependency;
			package = 56DC890227F761B2006B1858 /* XCRemoteSwiftPackageReference "Moya" */;
			productName = CombineMoya;
		};
		56DC890527F761B2006B1858 /* Moya */ = {
			isa = XCSwiftPackageProductDependency;
			package = 56DC890227F761B2006B1858 /* XCRemoteSwiftPackageReference "Moya" */;
			productName = Moya;
		};
		56DC890727F761B2006B1858 /* ReactiveMoya */ = {
			isa = XCSwiftPackageProductDependency;
			package = 56DC890227F761B2006B1858 /* XCRemoteSwiftPackageReference "Moya" */;
			productName = ReactiveMoya;
		};
		56DC890927F761B2006B1858 /* RxMoya */ = {
			isa = XCSwiftPackageProductDependency;
			package = 56DC890227F761B2006B1858 /* XCRemoteSwiftPackageReference "Moya" */;
			productName = RxMoya;
		};
		56F87D4827F6A7260047D897 /* netfox */ = {
			isa = XCSwiftPackageProductDependency;
			package = 56F87D4727F6A7260047D897 /* XCRemoteSwiftPackageReference "netfox" */;
			productName = netfox;
		};
		56F87D4B27F6A7590047D897 /* Kingfisher */ = {
			isa = XCSwiftPackageProductDependency;
			package = 56F87D4A27F6A7590047D897 /* XCRemoteSwiftPackageReference "Kingfisher" */;
			productName = Kingfisher;
		};
/* End XCSwiftPackageProductDependency section */
	};
	rootObject = 5612AFE327F3026E00219CF6 /* Project object */;
}
